// !$*UTF8*$!
{
	archiveVersion = 1;
	classes = {
	};
	objectVersion = 46;
	objects = {

/* Begin PBXBuildFile section */
		C3297A981C7C1685001E694F /* main.m in Sources */ = {isa = PBXBuildFile; fileRef = C3297A971C7C1685001E694F /* main.m */; };
		C3297A9B1C7C1685001E694F /* AppDelegate.m in Sources */ = {isa = PBXBuildFile; fileRef = C3297A9A1C7C1685001E694F /* AppDelegate.m */; };
		C3297A9E1C7C1685001E694F /* ViewController.m in Sources */ = {isa = PBXBuildFile; fileRef = C3297A9D1C7C1685001E694F /* ViewController.m */; };
		C3297AA11C7C1685001E694F /* Main.storyboard in Resources */ = {isa = PBXBuildFile; fileRef = C3297A9F1C7C1685001E694F /* Main.storyboard */; };
		C3297AA31C7C1685001E694F /* Assets.xcassets in Resources */ = {isa = PBXBuildFile; fileRef = C3297AA21C7C1685001E694F /* Assets.xcassets */; };
		C3297AA61C7C1685001E694F /* LaunchScreen.storyboard in Resources */ = {isa = PBXBuildFile; fileRef = C3297AA41C7C1685001E694F /* LaunchScreen.storyboard */; };
		C3297AB11C7C1685001E694F /* TestStackViewTests.m in Sources */ = {isa = PBXBuildFile; fileRef = C3297AB01C7C1685001E694F /* TestStackViewTests.m */; };
		C3297ABC1C7C1685001E694F /* TestStackViewUITests.m in Sources */ = {isa = PBXBuildFile; fileRef = C3297ABB1C7C1685001E694F /* TestStackViewUITests.m */; };
		C3297ACD1C7C16A4001E694F /* DPTabView.m in Sources */ = {isa = PBXBuildFile; fileRef = C3297ACB1C7C16A4001E694F /* DPTabView.m */; };
		C3297AD11C7C1702001E694F /* DPSSStackView.m in Sources */ = {isa = PBXBuildFile; fileRef = C3297AD01C7C1702001E694F /* DPSSStackView.m */; };
		C3297AD21C7C1702001E694F /* DPSSStackView.m in Sources */ = {isa = PBXBuildFile; fileRef = C3297AD01C7C1702001E694F /* DPSSStackView.m */; };
		C3297AD31C7C1702001E694F /* DPSSStackView.m in Sources */ = {isa = PBXBuildFile; fileRef = C3297AD01C7C1702001E694F /* DPSSStackView.m */; };
		C3297AD71C7C47EE001E694F /* DPSSStackView+UILayout.m in Sources */ = {isa = PBXBuildFile; fileRef = C3297AD61C7C47EE001E694F /* DPSSStackView+UILayout.m */; };
		C3297AD81C7C47EE001E694F /* DPSSStackView+UILayout.m in Sources */ = {isa = PBXBuildFile; fileRef = C3297AD61C7C47EE001E694F /* DPSSStackView+UILayout.m */; };
		C3297AD91C7C47EE001E694F /* DPSSStackView+UILayout.m in Sources */ = {isa = PBXBuildFile; fileRef = C3297AD61C7C47EE001E694F /* DPSSStackView+UILayout.m */; };
		C3297AE21C7C5D8E001E694F /* DPSSStackViewProxy.m in Sources */ = {isa = PBXBuildFile; fileRef = C3297AE11C7C5D8E001E694F /* DPSSStackViewProxy.m */; };
		C3297AE31C7C5D8E001E694F /* DPSSStackViewProxy.m in Sources */ = {isa = PBXBuildFile; fileRef = C3297AE11C7C5D8E001E694F /* DPSSStackViewProxy.m */; };
		C3297AE41C7C5D8E001E694F /* DPSSStackViewProxy.m in Sources */ = {isa = PBXBuildFile; fileRef = C3297AE11C7C5D8E001E694F /* DPSSStackViewProxy.m */; };
		C32CC8D81C7F7C650092E55B /* DPSSDelegate.m in Sources */ = {isa = PBXBuildFile; fileRef = C32CC8D71C7F7C650092E55B /* DPSSDelegate.m */; };
		C32CC8D91C7F7C650092E55B /* DPSSDelegate.m in Sources */ = {isa = PBXBuildFile; fileRef = C32CC8D71C7F7C650092E55B /* DPSSDelegate.m */; };
		C32CC8DA1C7F7C650092E55B /* DPSSDelegate.m in Sources */ = {isa = PBXBuildFile; fileRef = C32CC8D71C7F7C650092E55B /* DPSSDelegate.m */; };
		C32CC8DD1C7F87870092E55B /* DPTableView.m in Sources */ = {isa = PBXBuildFile; fileRef = C32CC8DC1C7F87870092E55B /* DPTableView.m */; };
		C32CC8DE1C7F87870092E55B /* DPTableView.m in Sources */ = {isa = PBXBuildFile; fileRef = C32CC8DC1C7F87870092E55B /* DPTableView.m */; };
		C32CC8DF1C7F87870092E55B /* DPTableView.m in Sources */ = {isa = PBXBuildFile; fileRef = C32CC8DC1C7F87870092E55B /* DPTableView.m */; };
/* End PBXBuildFile section */

/* Begin PBXContainerItemProxy section */
		C3297AAD1C7C1685001E694F /* PBXContainerItemProxy */ = {
			isa = PBXContainerItemProxy;
			containerPortal = C3297A8B1C7C1685001E694F /* Project object */;
			proxyType = 1;
			remoteGlobalIDString = C3297A921C7C1685001E694F;
			remoteInfo = TestStackView;
		};
		C3297AB81C7C1685001E694F /* PBXContainerItemProxy */ = {
			isa = PBXContainerItemProxy;
			containerPortal = C3297A8B1C7C1685001E694F /* Project object */;
			proxyType = 1;
			remoteGlobalIDString = C3297A921C7C1685001E694F;
			remoteInfo = TestStackView;
		};
/* End PBXContainerItemProxy section */

/* Begin PBXFileReference section */
		C3297A931C7C1685001E694F /* TestStackView.app */ = {isa = PBXFileReference; explicitFileType = wrapper.application; includeInIndex = 0; path = TestStackView.app; sourceTree = BUILT_PRODUCTS_DIR; };
		C3297A971C7C1685001E694F /* main.m */ = {isa = PBXFileReference; lastKnownFileType = sourcecode.c.objc; path = main.m; sourceTree = "<group>"; };
		C3297A991C7C1685001E694F /* AppDelegate.h */ = {isa = PBXFileReference; lastKnownFileType = sourcecode.c.h; path = AppDelegate.h; sourceTree = "<group>"; };
		C3297A9A1C7C1685001E694F /* AppDelegate.m */ = {isa = PBXFileReference; lastKnownFileType = sourcecode.c.objc; path = AppDelegate.m; sourceTree = "<group>"; };
		C3297A9C1C7C1685001E694F /* ViewController.h */ = {isa = PBXFileReference; lastKnownFileType = sourcecode.c.h; path = ViewController.h; sourceTree = "<group>"; };
		C3297A9D1C7C1685001E694F /* ViewController.m */ = {isa = PBXFileReference; lastKnownFileType = sourcecode.c.objc; path = ViewController.m; sourceTree = "<group>"; };
		C3297AA01C7C1685001E694F /* Base */ = {isa = PBXFileReference; lastKnownFileType = file.storyboard; name = Base; path = Base.lproj/Main.storyboard; sourceTree = "<group>"; };
		C3297AA21C7C1685001E694F /* Assets.xcassets */ = {isa = PBXFileReference; lastKnownFileType = folder.assetcatalog; path = Assets.xcassets; sourceTree = "<group>"; };
		C3297AA51C7C1685001E694F /* Base */ = {isa = PBXFileReference; lastKnownFileType = file.storyboard; name = Base; path = Base.lproj/LaunchScreen.storyboard; sourceTree = "<group>"; };
		C3297AA71C7C1685001E694F /* Info.plist */ = {isa = PBXFileReference; lastKnownFileType = text.plist.xml; path = Info.plist; sourceTree = "<group>"; };
		C3297AAC1C7C1685001E694F /* TestStackViewTests.xctest */ = {isa = PBXFileReference; explicitFileType = wrapper.cfbundle; includeInIndex = 0; path = TestStackViewTests.xctest; sourceTree = BUILT_PRODUCTS_DIR; };
		C3297AB01C7C1685001E694F /* TestStackViewTests.m */ = {isa = PBXFileReference; lastKnownFileType = sourcecode.c.objc; path = TestStackViewTests.m; sourceTree = "<group>"; };
		C3297AB21C7C1685001E694F /* Info.plist */ = {isa = PBXFileReference; lastKnownFileType = text.plist.xml; path = Info.plist; sourceTree = "<group>"; };
		C3297AB71C7C1685001E694F /* TestStackViewUITests.xctest */ = {isa = PBXFileReference; explicitFileType = wrapper.cfbundle; includeInIndex = 0; path = TestStackViewUITests.xctest; sourceTree = BUILT_PRODUCTS_DIR; };
		C3297ABB1C7C1685001E694F /* TestStackViewUITests.m */ = {isa = PBXFileReference; lastKnownFileType = sourcecode.c.objc; path = TestStackViewUITests.m; sourceTree = "<group>"; };
		C3297ABD1C7C1685001E694F /* Info.plist */ = {isa = PBXFileReference; lastKnownFileType = text.plist.xml; path = Info.plist; sourceTree = "<group>"; };
		C3297ACA1C7C16A4001E694F /* DPTabView.h */ = {isa = PBXFileReference; fileEncoding = 4; lastKnownFileType = sourcecode.c.h; path = DPTabView.h; sourceTree = "<group>"; };
		C3297ACB1C7C16A4001E694F /* DPTabView.m */ = {isa = PBXFileReference; fileEncoding = 4; lastKnownFileType = sourcecode.c.objc; path = DPTabView.m; sourceTree = "<group>"; };
		C3297ACC1C7C16A4001E694F /* DPTabViewProtocol.h */ = {isa = PBXFileReference; fileEncoding = 4; lastKnownFileType = sourcecode.c.h; path = DPTabViewProtocol.h; sourceTree = "<group>"; };
		C3297ACF1C7C1702001E694F /* DPSSStackView.h */ = {isa = PBXFileReference; fileEncoding = 4; lastKnownFileType = sourcecode.c.h; path = DPSSStackView.h; sourceTree = "<group>"; };
		C3297AD01C7C1702001E694F /* DPSSStackView.m */ = {isa = PBXFileReference; fileEncoding = 4; lastKnownFileType = sourcecode.c.objc; path = DPSSStackView.m; sourceTree = "<group>"; };
		C3297AD41C7C1828001E694F /* DPSSStackViewProtocol.h */ = {isa = PBXFileReference; fileEncoding = 4; lastKnownFileType = sourcecode.c.h; path = DPSSStackViewProtocol.h; sourceTree = "<group>"; };
		C3297AD51C7C47EE001E694F /* DPSSStackView+UILayout.h */ = {isa = PBXFileReference; fileEncoding = 4; lastKnownFileType = sourcecode.c.h; path = "DPSSStackView+UILayout.h"; sourceTree = "<group>"; };
		C3297AD61C7C47EE001E694F /* DPSSStackView+UILayout.m */ = {isa = PBXFileReference; fileEncoding = 4; lastKnownFileType = sourcecode.c.objc; path = "DPSSStackView+UILayout.m"; sourceTree = "<group>"; };
		C3297AE01C7C5D8E001E694F /* DPSSStackViewProxy.h */ = {isa = PBXFileReference; fileEncoding = 4; lastKnownFileType = sourcecode.c.h; path = DPSSStackViewProxy.h; sourceTree = "<group>"; };
		C3297AE11C7C5D8E001E694F /* DPSSStackViewProxy.m */ = {isa = PBXFileReference; fileEncoding = 4; lastKnownFileType = sourcecode.c.objc; path = DPSSStackViewProxy.m; sourceTree = "<group>"; };
		C32CC8D61C7F7C650092E55B /* DPSSDelegate.h */ = {isa = PBXFileReference; fileEncoding = 4; lastKnownFileType = sourcecode.c.h; path = DPSSDelegate.h; sourceTree = "<group>"; };
		C32CC8D71C7F7C650092E55B /* DPSSDelegate.m */ = {isa = PBXFileReference; fileEncoding = 4; lastKnownFileType = sourcecode.c.objc; path = DPSSDelegate.m; sourceTree = "<group>"; };
		C32CC8DB1C7F87870092E55B /* DPTableView.h */ = {isa = PBXFileReference; fileEncoding = 4; lastKnownFileType = sourcecode.c.h; path = DPTableView.h; sourceTree = "<group>"; };
		C32CC8DC1C7F87870092E55B /* DPTableView.m */ = {isa = PBXFileReference; fileEncoding = 4; lastKnownFileType = sourcecode.c.objc; path = DPTableView.m; sourceTree = "<group>"; };
/* End PBXFileReference section */

/* Begin PBXFrameworksBuildPhase section */
		C3297A901C7C1685001E694F /* Frameworks */ = {
			isa = PBXFrameworksBuildPhase;
			buildActionMask = 2147483647;
			files = (
			);
			runOnlyForDeploymentPostprocessing = 0;
		};
		C3297AA91C7C1685001E694F /* Frameworks */ = {
			isa = PBXFrameworksBuildPhase;
			buildActionMask = 2147483647;
			files = (
			);
			runOnlyForDeploymentPostprocessing = 0;
		};
		C3297AB41C7C1685001E694F /* Frameworks */ = {
			isa = PBXFrameworksBuildPhase;
			buildActionMask = 2147483647;
			files = (
			);
			runOnlyForDeploymentPostprocessing = 0;
		};
/* End PBXFrameworksBuildPhase section */

/* Begin PBXGroup section */
		C3297A8A1C7C1685001E694F = {
			isa = PBXGroup;
			children = (
				C3297A951C7C1685001E694F /* TestStackView */,
				C3297AAF1C7C1685001E694F /* TestStackViewTests */,
				C3297ABA1C7C1685001E694F /* TestStackViewUITests */,
				C3297A941C7C1685001E694F /* Products */,
			);
			sourceTree = "<group>";
		};
		C3297A941C7C1685001E694F /* Products */ = {
			isa = PBXGroup;
			children = (
				C3297A931C7C1685001E694F /* TestStackView.app */,
				C3297AAC1C7C1685001E694F /* TestStackViewTests.xctest */,
				C3297AB71C7C1685001E694F /* TestStackViewUITests.xctest */,
			);
			name = Products;
			sourceTree = "<group>";
		};
		C3297A951C7C1685001E694F /* TestStackView */ = {
			isa = PBXGroup;
			children = (
				C32CC8D51C7F7C300092E55B /* DPSSDelegates */,
				C3297ACE1C7C16E8001E694F /* DPSSStackView */,
				C3297AC91C7C16A4001E694F /* DPTabViewController */,
				C3297A991C7C1685001E694F /* AppDelegate.h */,
				C3297A9A1C7C1685001E694F /* AppDelegate.m */,
				C3297A9C1C7C1685001E694F /* ViewController.h */,
				C3297A9D1C7C1685001E694F /* ViewController.m */,
				C32CC8DB1C7F87870092E55B /* DPTableView.h */,
				C32CC8DC1C7F87870092E55B /* DPTableView.m */,
				C3297A9F1C7C1685001E694F /* Main.storyboard */,
				C3297AA21C7C1685001E694F /* Assets.xcassets */,
				C3297AA41C7C1685001E694F /* LaunchScreen.storyboard */,
				C3297AA71C7C1685001E694F /* Info.plist */,
				C3297A961C7C1685001E694F /* Supporting Files */,
			);
			path = TestStackView;
			sourceTree = "<group>";
		};
		C3297A961C7C1685001E694F /* Supporting Files */ = {
			isa = PBXGroup;
			children = (
				C3297A971C7C1685001E694F /* main.m */,
			);
			name = "Supporting Files";
			sourceTree = "<group>";
		};
		C3297AAF1C7C1685001E694F /* TestStackViewTests */ = {
			isa = PBXGroup;
			children = (
				C3297AB01C7C1685001E694F /* TestStackViewTests.m */,
				C3297AB21C7C1685001E694F /* Info.plist */,
			);
			path = TestStackViewTests;
			sourceTree = "<group>";
		};
		C3297ABA1C7C1685001E694F /* TestStackViewUITests */ = {
			isa = PBXGroup;
			children = (
				C3297ABB1C7C1685001E694F /* TestStackViewUITests.m */,
				C3297ABD1C7C1685001E694F /* Info.plist */,
			);
			path = TestStackViewUITests;
			sourceTree = "<group>";
		};
		C3297AC91C7C16A4001E694F /* DPTabViewController */ = {
			isa = PBXGroup;
			children = (
				C3297ACA1C7C16A4001E694F /* DPTabView.h */,
				C3297ACB1C7C16A4001E694F /* DPTabView.m */,
				C3297ACC1C7C16A4001E694F /* DPTabViewProtocol.h */,
			);
			path = DPTabViewController;
			sourceTree = "<group>";
		};
		C3297ACE1C7C16E8001E694F /* DPSSStackView */ = {
			isa = PBXGroup;
			children = (
				C3297ADA1C7C5D4F001E694F /* DPSSStackViewHelpers */,
				C3297ACF1C7C1702001E694F /* DPSSStackView.h */,
				C3297AD01C7C1702001E694F /* DPSSStackView.m */,
				C3297AD41C7C1828001E694F /* DPSSStackViewProtocol.h */,
				C3297AD51C7C47EE001E694F /* DPSSStackView+UILayout.h */,
				C3297AD61C7C47EE001E694F /* DPSSStackView+UILayout.m */,
			);
			path = DPSSStackView;
			sourceTree = "<group>";
		};
		C3297ADA1C7C5D4F001E694F /* DPSSStackViewHelpers */ = {
			isa = PBXGroup;
			children = (
				C3297AE01C7C5D8E001E694F /* DPSSStackViewProxy.h */,
				C3297AE11C7C5D8E001E694F /* DPSSStackViewProxy.m */,
			);
			name = DPSSStackViewHelpers;
			sourceTree = "<group>";
		};
		C32CC8D51C7F7C300092E55B /* DPSSDelegates */ = {
			isa = PBXGroup;
			children = (
				C32CC8D61C7F7C650092E55B /* DPSSDelegate.h */,
				C32CC8D71C7F7C650092E55B /* DPSSDelegate.m */,
			);
			name = DPSSDelegates;
			sourceTree = "<group>";
		};
/* End PBXGroup section */

/* Begin PBXNativeTarget section */
		C3297A921C7C1685001E694F /* TestStackView */ = {
			isa = PBXNativeTarget;
			buildConfigurationList = C3297AC01C7C1685001E694F /* Build configuration list for PBXNativeTarget "TestStackView" */;
			buildPhases = (
				C3297A8F1C7C1685001E694F /* Sources */,
				C3297A901C7C1685001E694F /* Frameworks */,
				C3297A911C7C1685001E694F /* Resources */,
			);
			buildRules = (
			);
			dependencies = (
			);
			name = TestStackView;
			productName = TestStackView;
			productReference = C3297A931C7C1685001E694F /* TestStackView.app */;
			productType = "com.apple.product-type.application";
		};
		C3297AAB1C7C1685001E694F /* TestStackViewTests */ = {
			isa = PBXNativeTarget;
			buildConfigurationList = C3297AC31C7C1685001E694F /* Build configuration list for PBXNativeTarget "TestStackViewTests" */;
			buildPhases = (
				C3297AA81C7C1685001E694F /* Sources */,
				C3297AA91C7C1685001E694F /* Frameworks */,
				C3297AAA1C7C1685001E694F /* Resources */,
			);
			buildRules = (
			);
			dependencies = (
				C3297AAE1C7C1685001E694F /* PBXTargetDependency */,
			);
			name = TestStackViewTests;
			productName = TestStackViewTests;
			productReference = C3297AAC1C7C1685001E694F /* TestStackViewTests.xctest */;
			productType = "com.apple.product-type.bundle.unit-test";
		};
		C3297AB61C7C1685001E694F /* TestStackViewUITests */ = {
			isa = PBXNativeTarget;
			buildConfigurationList = C3297AC61C7C1685001E694F /* Build configuration list for PBXNativeTarget "TestStackViewUITests" */;
			buildPhases = (
				C3297AB31C7C1685001E694F /* Sources */,
				C3297AB41C7C1685001E694F /* Frameworks */,
				C3297AB51C7C1685001E694F /* Resources */,
			);
			buildRules = (
			);
			dependencies = (
				C3297AB91C7C1685001E694F /* PBXTargetDependency */,
			);
			name = TestStackViewUITests;
			productName = TestStackViewUITests;
			productReference = C3297AB71C7C1685001E694F /* TestStackViewUITests.xctest */;
			productType = "com.apple.product-type.bundle.ui-testing";
		};
/* End PBXNativeTarget section */

/* Begin PBXProject section */
		C3297A8B1C7C1685001E694F /* Project object */ = {
			isa = PBXProject;
			attributes = {
				LastUpgradeCheck = 0720;
				ORGANIZATIONNAME = "Basil Al-Tamimi";
				TargetAttributes = {
					C3297A921C7C1685001E694F = {
						CreatedOnToolsVersion = 7.2.1;
					};
					C3297AAB1C7C1685001E694F = {
						CreatedOnToolsVersion = 7.2.1;
						TestTargetID = C3297A921C7C1685001E694F;
					};
					C3297AB61C7C1685001E694F = {
						CreatedOnToolsVersion = 7.2.1;
						TestTargetID = C3297A921C7C1685001E694F;
					};
				};
			};
			buildConfigurationList = C3297A8E1C7C1685001E694F /* Build configuration list for PBXProject "TestStackView" */;
			compatibilityVersion = "Xcode 3.2";
			developmentRegion = English;
			hasScannedForEncodings = 0;
			knownRegions = (
				en,
				Base,
			);
			mainGroup = C3297A8A1C7C1685001E694F;
			productRefGroup = C3297A941C7C1685001E694F /* Products */;
			projectDirPath = "";
			projectRoot = "";
			targets = (
				C3297A921C7C1685001E694F /* TestStackView */,
				C3297AAB1C7C1685001E694F /* TestStackViewTests */,
				C3297AB61C7C1685001E694F /* TestStackViewUITests */,
			);
		};
/* End PBXProject section */

/* Begin PBXResourcesBuildPhase section */
		C3297A911C7C1685001E694F /* Resources */ = {
			isa = PBXResourcesBuildPhase;
			buildActionMask = 2147483647;
			files = (
				C3297AA61C7C1685001E694F /* LaunchScreen.storyboard in Resources */,
				C3297AA31C7C1685001E694F /* Assets.xcassets in Resources */,
				C3297AA11C7C1685001E694F /* Main.storyboard in Resources */,
			);
			runOnlyForDeploymentPostprocessing = 0;
		};
		C3297AAA1C7C1685001E694F /* Resources */ = {
			isa = PBXResourcesBuildPhase;
			buildActionMask = 2147483647;
			files = (
			);
			runOnlyForDeploymentPostprocessing = 0;
		};
		C3297AB51C7C1685001E694F /* Resources */ = {
			isa = PBXResourcesBuildPhase;
			buildActionMask = 2147483647;
			files = (
			);
			runOnlyForDeploymentPostprocessing = 0;
		};
/* End PBXResourcesBuildPhase section */

/* Begin PBXSourcesBuildPhase section */
		C3297A8F1C7C1685001E694F /* Sources */ = {
			isa = PBXSourcesBuildPhase;
			buildActionMask = 2147483647;
			files = (
				C3297AD11C7C1702001E694F /* DPSSStackView.m in Sources */,
				C3297ACD1C7C16A4001E694F /* DPTabView.m in Sources */,
				C3297A9E1C7C1685001E694F /* ViewController.m in Sources */,
				C3297AD71C7C47EE001E694F /* DPSSStackView+UILayout.m in Sources */,
				C32CC8DD1C7F87870092E55B /* DPTableView.m in Sources */,
				C3297A9B1C7C1685001E694F /* AppDelegate.m in Sources */,
				C3297A981C7C1685001E694F /* main.m in Sources */,
				C32CC8D81C7F7C650092E55B /* DPSSDelegate.m in Sources */,
				C3297AE21C7C5D8E001E694F /* DPSSStackViewProxy.m in Sources */,
			);
			runOnlyForDeploymentPostprocessing = 0;
		};
		C3297AA81C7C1685001E694F /* Sources */ = {
			isa = PBXSourcesBuildPhase;
			buildActionMask = 2147483647;
			files = (
				C3297AE31C7C5D8E001E694F /* DPSSStackViewProxy.m in Sources */,
				C32CC8DE1C7F87870092E55B /* DPTableView.m in Sources */,
				C3297AD81C7C47EE001E694F /* DPSSStackView+UILayout.m in Sources */,
				C3297AB11C7C1685001E694F /* TestStackViewTests.m in Sources */,
				C3297AD21C7C1702001E694F /* DPSSStackView.m in Sources */,
				C32CC8D91C7F7C650092E55B /* DPSSDelegate.m in Sources */,
			);
			runOnlyForDeploymentPostprocessing = 0;
		};
		C3297AB31C7C1685001E694F /* Sources */ = {
			isa = PBXSourcesBuildPhase;
			buildActionMask = 2147483647;
			files = (
				C3297AE41C7C5D8E001E694F /* DPSSStackViewProxy.m in Sources */,
				C32CC8DF1C7F87870092E55B /* DPTableView.m in Sources */,
				C3297AD91C7C47EE001E694F /* DPSSStackView+UILayout.m in Sources */,
				C3297ABC1C7C1685001E694F /* TestStackViewUITests.m in Sources */,
				C3297AD31C7C1702001E694F /* DPSSStackView.m in Sources */,
				C32CC8DA1C7F7C650092E55B /* DPSSDelegate.m in Sources */,
			);
			runOnlyForDeploymentPostprocessing = 0;
		};
/* End PBXSourcesBuildPhase section */

/* Begin PBXTargetDependency section */
		C3297AAE1C7C1685001E694F /* PBXTargetDependency */ = {
			isa = PBXTargetDependency;
			target = C3297A921C7C1685001E694F /* TestStackView */;
			targetProxy = C3297AAD1C7C1685001E694F /* PBXContainerItemProxy */;
		};
		C3297AB91C7C1685001E694F /* PBXTargetDependency */ = {
			isa = PBXTargetDependency;
			target = C3297A921C7C1685001E694F /* TestStackView */;
			targetProxy = C3297AB81C7C1685001E694F /* PBXContainerItemProxy */;
		};
/* End PBXTargetDependency section */

/* Begin PBXVariantGroup section */
		C3297A9F1C7C1685001E694F /* Main.storyboard */ = {
			isa = PBXVariantGroup;
			children = (
				C3297AA01C7C1685001E694F /* Base */,
			);
			name = Main.storyboard;
			sourceTree = "<group>";
		};
		C3297AA41C7C1685001E694F /* LaunchScreen.storyboard */ = {
			isa = PBXVariantGroup;
			children = (
				C3297AA51C7C1685001E694F /* Base */,
			);
			name = LaunchScreen.storyboard;
			sourceTree = "<group>";
		};
/* End PBXVariantGroup section */

/* Begin XCBuildConfiguration section */
		C3297ABE1C7C1685001E694F /* Debug */ = {
			isa = XCBuildConfiguration;
			buildSettings = {
				ALWAYS_SEARCH_USER_PATHS = NO;
				CLANG_CXX_LANGUAGE_STANDARD = "gnu++0x";
				CLANG_CXX_LIBRARY = "libc++";
				CLANG_ENABLE_MODULES = YES;
				CLANG_ENABLE_OBJC_ARC = YES;
				CLANG_WARN_BOOL_CONVERSION = YES;
				CLANG_WARN_CONSTANT_CONVERSION = YES;
				CLANG_WARN_DIRECT_OBJC_ISA_USAGE = YES_ERROR;
				CLANG_WARN_EMPTY_BODY = YES;
				CLANG_WARN_ENUM_CONVERSION = YES;
				CLANG_WARN_INT_CONVERSION = YES;
				CLANG_WARN_OBJC_ROOT_CLASS = YES_ERROR;
				CLANG_WARN_UNREACHABLE_CODE = YES;
				CLANG_WARN__DUPLICATE_METHOD_MATCH = YES;
				"CODE_SIGN_IDENTITY[sdk=iphoneos*]" = "iPhone Developer";
				COPY_PHASE_STRIP = NO;
				DEBUG_INFORMATION_FORMAT = dwarf;
				ENABLE_STRICT_OBJC_MSGSEND = YES;
				ENABLE_TESTABILITY = YES;
				GCC_C_LANGUAGE_STANDARD = gnu99;
				GCC_DYNAMIC_NO_PIC = NO;
				GCC_NO_COMMON_BLOCKS = YES;
				GCC_OPTIMIZATION_LEVEL = 0;
				GCC_PREPROCESSOR_DEFINITIONS = (
					"DEBUG=1",
					"$(inherited)",
				);
				GCC_WARN_64_TO_32_BIT_CONVERSION = YES;
				GCC_WARN_ABOUT_RETURN_TYPE = YES_ERROR;
				GCC_WARN_UNDECLARED_SELECTOR = YES;
				GCC_WARN_UNINITIALIZED_AUTOS = YES_AGGRESSIVE;
				GCC_WARN_UNUSED_FUNCTION = YES;
				GCC_WARN_UNUSED_VARIABLE = YES;
				IPHONEOS_DEPLOYMENT_TARGET = 9.2;
				MTL_ENABLE_DEBUG_INFO = YES;
				ONLY_ACTIVE_ARCH = YES;
				SDKROOT = iphoneos;
				TARGETED_DEVICE_FAMILY = "1,2";
			};
			name = Debug;
		};
		C3297ABF1C7C1685001E694F /* Release */ = {
			isa = XCBuildConfiguration;
			buildSettings = {
				ALWAYS_SEARCH_USER_PATHS = NO;
				CLANG_CXX_LANGUAGE_STANDARD = "gnu++0x";
				CLANG_CXX_LIBRARY = "libc++";
				CLANG_ENABLE_MODULES = YES;
				CLANG_ENABLE_OBJC_ARC = YES;
				CLANG_WARN_BOOL_CONVERSION = YES;
				CLANG_WARN_CONSTANT_CONVERSION = YES;
				CLANG_WARN_DIRECT_OBJC_ISA_USAGE = YES_ERROR;
				CLANG_WARN_EMPTY_BODY = YES;
				CLANG_WARN_ENUM_CONVERSION = YES;
				CLANG_WARN_INT_CONVERSION = YES;
				CLANG_WARN_OBJC_ROOT_CLASS = YES_ERROR;
				CLANG_WARN_UNREACHABLE_CODE = YES;
				CLANG_WARN__DUPLICATE_METHOD_MATCH = YES;
				"CODE_SIGN_IDENTITY[sdk=iphoneos*]" = "iPhone Developer";
				COPY_PHASE_STRIP = NO;
				DEBUG_INFORMATION_FORMAT = "dwarf-with-dsym";
				ENABLE_NS_ASSERTIONS = NO;
				ENABLE_STRICT_OBJC_MSGSEND = YES;
				GCC_C_LANGUAGE_STANDARD = gnu99;
				GCC_NO_COMMON_BLOCKS = YES;
				GCC_WARN_64_TO_32_BIT_CONVERSION = YES;
				GCC_WARN_ABOUT_RETURN_TYPE = YES_ERROR;
				GCC_WARN_UNDECLARED_SELECTOR = YES;
				GCC_WARN_UNINITIALIZED_AUTOS = YES_AGGRESSIVE;
				GCC_WARN_UNUSED_FUNCTION = YES;
				GCC_WARN_UNUSED_VARIABLE = YES;
				IPHONEOS_DEPLOYMENT_TARGET = 9.2;
				MTL_ENABLE_DEBUG_INFO = NO;
				SDKROOT = iphoneos;
				TARGETED_DEVICE_FAMILY = "1,2";
				VALIDATE_PRODUCT = YES;
			};
			name = Release;
		};
		C3297AC11C7C1685001E694F /* Debug */ = {
			isa = XCBuildConfiguration;
			buildSettings = {
				ASSETCATALOG_COMPILER_APPICON_NAME = AppIcon;
				INFOPLIST_FILE = TestStackView/Info.plist;
				LD_RUNPATH_SEARCH_PATHS = "$(inherited) @executable_path/Frameworks";
				OTHER_LDFLAGS = "";
				PRODUCT_BUNDLE_IDENTIFIER = com.intigral.TestStackView;
				PRODUCT_NAME = "$(TARGET_NAME)";
			};
			name = Debug;
		};
		C3297AC21C7C1685001E694F /* Release */ = {
			isa = XCBuildConfiguration;
			buildSettings = {
				ASSETCATALOG_COMPILER_APPICON_NAME = AppIcon;
				INFOPLIST_FILE = TestStackView/Info.plist;
				LD_RUNPATH_SEARCH_PATHS = "$(inherited) @executable_path/Frameworks";
				OTHER_LDFLAGS = "";
				PRODUCT_BUNDLE_IDENTIFIER = com.intigral.TestStackView;
				PRODUCT_NAME = "$(TARGET_NAME)";
			};
			name = Release;
		};
		C3297AC41C7C1685001E694F /* Debug */ = {
			isa = XCBuildConfiguration;
			buildSettings = {
				BUNDLE_LOADER = "$(TEST_HOST)";
				INFOPLIST_FILE = TestStackViewTests/Info.plist;
				LD_RUNPATH_SEARCH_PATHS = "$(inherited) @executable_path/Frameworks @loader_path/Frameworks";
				PRODUCT_BUNDLE_IDENTIFIER = com.intigral.TestStackViewTests;
				PRODUCT_NAME = "$(TARGET_NAME)";
				TEST_HOST = "$(BUILT_PRODUCTS_DIR)/TestStackView.app/TestStackView";
			};
			name = Debug;
		};
		C3297AC51C7C1685001E694F /* Release */ = {
			isa = XCBuildConfiguration;
			buildSettings = {
				BUNDLE_LOADER = "$(TEST_HOST)";
				INFOPLIST_FILE = TestStackViewTests/Info.plist;
				LD_RUNPATH_SEARCH_PATHS = "$(inherited) @executable_path/Frameworks @loader_path/Frameworks";
				PRODUCT_BUNDLE_IDENTIFIER = com.intigral.TestStackViewTests;
				PRODUCT_NAME = "$(TARGET_NAME)";
				TEST_HOST = "$(BUILT_PRODUCTS_DIR)/TestStackView.app/TestStackView";
			};
			name = Release;
		};
		C3297AC71C7C1685001E694F /* Debug */ = {
			isa = XCBuildConfiguration;
			buildSettings = {
				INFOPLIST_FILE = TestStackViewUITests/Info.plist;
				LD_RUNPATH_SEARCH_PATHS = "$(inherited) @executable_path/Frameworks @loader_path/Frameworks";
				PRODUCT_BUNDLE_IDENTIFIER = com.intigral.TestStackViewUITests;
				PRODUCT_NAME = "$(TARGET_NAME)";
				TEST_TARGET_NAME = TestStackView;
				USES_XCTRUNNER = YES;
			};
			name = Debug;
		};
		C3297AC81C7C1685001E694F /* Release */ = {
			isa = XCBuildConfiguration;
			buildSettings = {
				INFOPLIST_FILE = TestStackViewUITests/Info.plist;
				LD_RUNPATH_SEARCH_PATHS = "$(inherited) @executable_path/Frameworks @loader_path/Frameworks";
				PRODUCT_BUNDLE_IDENTIFIER = com.intigral.TestStackViewUITests;
				PRODUCT_NAME = "$(TARGET_NAME)";
				TEST_TARGET_NAME = TestStackView;
				USES_XCTRUNNER = YES;
			};
			name = Release;
		};
/* End XCBuildConfiguration section */

/* Begin XCConfigurationList section */
		C3297A8E1C7C1685001E694F /* Build configuration list for PBXProject "TestStackView" */ = {
			isa = XCConfigurationList;
			buildConfigurations = (
				C3297ABE1C7C1685001E694F /* Debug */,
				C3297ABF1C7C1685001E694F /* Release */,
			);
			defaultConfigurationIsVisible = 0;
			defaultConfigurationName = Release;
		};
		C3297AC01C7C1685001E694F /* Build configuration list for PBXNativeTarget "TestStackView" */ = {
			isa = XCConfigurationList;
			buildConfigurations = (
				C3297AC11C7C1685001E694F /* Debug */,
				C3297AC21C7C1685001E694F /* Release */,
			);
			defaultConfigurationIsVisible = 0;
			defaultConfigurationName = Release;
		};
		C3297AC31C7C1685001E694F /* Build configuration list for PBXNativeTarget "TestStackViewTests" */ = {
			isa = XCConfigurationList;
			buildConfigurations = (
				C3297AC41C7C1685001E694F /* Debug */,
				C3297AC51C7C1685001E694F /* Release */,
			);
			defaultConfigurationIsVisible = 0;
			defaultConfigurationName = Release;
		};
		C3297AC61C7C1685001E694F /* Build configuration list for PBXNativeTarget "TestStackViewUITests" */ = {
			isa = XCConfigurationList;
			buildConfigurations = (
				C3297AC71C7C1685001E694F /* Debug */,
				C3297AC81C7C1685001E694F /* Release */,
			);
			defaultConfigurationIsVisible = 0;
			defaultConfigurationName = Release;
		};
/* End XCConfigurationList section */
	};
	rootObject = C3297A8B1C7C1685001E694F /* Project object */;
}
